// !$*UTF8*$!
{
	archiveVersion = 1;
	classes = {
	};
	objectVersion = 50;
	objects = {

/* Begin PBXBuildFile section */
		3234995326BD400100AE4CA2 /* AppDelegate.swift in Sources */ = {isa = PBXBuildFile; fileRef = 3234995226BD400100AE4CA2 /* AppDelegate.swift */; };
		3234995526BD400100AE4CA2 /* SceneDelegate.swift in Sources */ = {isa = PBXBuildFile; fileRef = 3234995426BD400100AE4CA2 /* SceneDelegate.swift */; };
		3234995C26BD400300AE4CA2 /* Assets.xcassets in Resources */ = {isa = PBXBuildFile; fileRef = 3234995B26BD400300AE4CA2 /* Assets.xcassets */; };
		3234995F26BD400300AE4CA2 /* LaunchScreen.storyboard in Resources */ = {isa = PBXBuildFile; fileRef = 3234995D26BD400300AE4CA2 /* LaunchScreen.storyboard */; };
		3234997826BD42FD00AE4CA2 /* CollectionViewSectionHeader.swift in Sources */ = {isa = PBXBuildFile; fileRef = 3234997226BD42FD00AE4CA2 /* CollectionViewSectionHeader.swift */; };
		3234997926BD42FD00AE4CA2 /* ProductSection.swift in Sources */ = {isa = PBXBuildFile; fileRef = 3234997326BD42FD00AE4CA2 /* ProductSection.swift */; };
		3234997A26BD42FD00AE4CA2 /* CollectionViewController.swift in Sources */ = {isa = PBXBuildFile; fileRef = 3234997426BD42FD00AE4CA2 /* CollectionViewController.swift */; };
		3234997B26BD42FD00AE4CA2 /* ProductSectionList.swift in Sources */ = {isa = PBXBuildFile; fileRef = 3234997526BD42FD00AE4CA2 /* ProductSectionList.swift */; };
		3234997C26BD42FD00AE4CA2 /* CollectionViewCell.swift in Sources */ = {isa = PBXBuildFile; fileRef = 3234997626BD42FD00AE4CA2 /* CollectionViewCell.swift */; };
		3234997D26BD42FD00AE4CA2 /* Product.swift in Sources */ = {isa = PBXBuildFile; fileRef = 3234997726BD42FD00AE4CA2 /* Product.swift */; };
/* End PBXBuildFile section */

/* Begin PBXFileReference section */
		3234994F26BD400100AE4CA2 /* collection-view.app */ = {isa = PBXFileReference; explicitFileType = wrapper.application; includeInIndex = 0; path = "collection-view.app"; sourceTree = BUILT_PRODUCTS_DIR; };
		3234995226BD400100AE4CA2 /* AppDelegate.swift */ = {isa = PBXFileReference; lastKnownFileType = sourcecode.swift; path = AppDelegate.swift; sourceTree = "<group>"; };
		3234995426BD400100AE4CA2 /* SceneDelegate.swift */ = {isa = PBXFileReference; lastKnownFileType = sourcecode.swift; path = SceneDelegate.swift; sourceTree = "<group>"; };
		3234995B26BD400300AE4CA2 /* Assets.xcassets */ = {isa = PBXFileReference; lastKnownFileType = folder.assetcatalog; path = Assets.xcassets; sourceTree = "<group>"; };
		3234995E26BD400300AE4CA2 /* Base */ = {isa = PBXFileReference; lastKnownFileType = file.storyboard; name = Base; path = Base.lproj/LaunchScreen.storyboard; sourceTree = "<group>"; };
		3234996026BD400300AE4CA2 /* Info.plist */ = {isa = PBXFileReference; lastKnownFileType = text.plist.xml; path = Info.plist; sourceTree = "<group>"; };
		3234997226BD42FD00AE4CA2 /* CollectionViewSectionHeader.swift */ = {isa = PBXFileReference; fileEncoding = 4; lastKnownFileType = sourcecode.swift; path = CollectionViewSectionHeader.swift; sourceTree = "<group>"; };
		3234997326BD42FD00AE4CA2 /* ProductSection.swift */ = {isa = PBXFileReference; fileEncoding = 4; lastKnownFileType = sourcecode.swift; path = ProductSection.swift; sourceTree = "<group>"; };
		3234997426BD42FD00AE4CA2 /* CollectionViewController.swift */ = {isa = PBXFileReference; fileEncoding = 4; lastKnownFileType = sourcecode.swift; path = CollectionViewController.swift; sourceTree = "<group>"; };
		3234997526BD42FD00AE4CA2 /* ProductSectionList.swift */ = {isa = PBXFileReference; fileEncoding = 4; lastKnownFileType = sourcecode.swift; path = ProductSectionList.swift; sourceTree = "<group>"; };
		3234997626BD42FD00AE4CA2 /* CollectionViewCell.swift */ = {isa = PBXFileReference; fileEncoding = 4; lastKnownFileType = sourcecode.swift; path = CollectionViewCell.swift; sourceTree = "<group>"; };
		3234997726BD42FD00AE4CA2 /* Product.swift */ = {isa = PBXFileReference; fileEncoding = 4; lastKnownFileType = sourcecode.swift; path = Product.swift; sourceTree = "<group>"; };
/* End PBXFileReference section */

/* Begin PBXFrameworksBuildPhase section */
		3234994C26BD400100AE4CA2 /* Frameworks */ = {
			isa = PBXFrameworksBuildPhase;
			buildActionMask = 2147483647;
			files = (
			);
			runOnlyForDeploymentPostprocessing = 0;
		};
/* End PBXFrameworksBuildPhase section */

/* Begin PBXGroup section */
		3234994626BD400100AE4CA2 = {
			isa = PBXGroup;
			children = (
				3234995126BD400100AE4CA2 /* collection-view */,
				3234995026BD400100AE4CA2 /* Products */,
			);
			sourceTree = "<group>";
		};
		3234995026BD400100AE4CA2 /* Products */ = {
			isa = PBXGroup;
			children = (
				3234994F26BD400100AE4CA2 /* collection-view.app */,
			);
			name = Products;
			sourceTree = "<group>";
		};
		3234995126BD400100AE4CA2 /* collection-view */ = {
			isa = PBXGroup;
			children = (
				3234995226BD400100AE4CA2 /* AppDelegate.swift */,
				3234995426BD400100AE4CA2 /* SceneDelegate.swift */,
				3234998026BD43B000AE4CA2 /* controllers */,
				3234997F26BD43A400AE4CA2 /* views */,
				3234997E26BD438B00AE4CA2 /* models */,
				3234998126BD442B00AE4CA2 /* resources */,
			);
			path = "collection-view";
			sourceTree = "<group>";
		};
		3234997E26BD438B00AE4CA2 /* models */ = {
			isa = PBXGroup;
			children = (
				3234997726BD42FD00AE4CA2 /* Product.swift */,
				3234997326BD42FD00AE4CA2 /* ProductSection.swift */,
				3234997526BD42FD00AE4CA2 /* ProductSectionList.swift */,
			);
			path = models;
			sourceTree = "<group>";
		};
		3234997F26BD43A400AE4CA2 /* views */ = {
			isa = PBXGroup;
			children = (
				3234997226BD42FD00AE4CA2 /* CollectionViewSectionHeader.swift */,
				3234997626BD42FD00AE4CA2 /* CollectionViewCell.swift */,
			);
			path = views;
			sourceTree = "<group>";
		};
		3234998026BD43B000AE4CA2 /* controllers */ = {
			isa = PBXGroup;
			children = (
				3234997426BD42FD00AE4CA2 /* CollectionViewController.swift */,
			);
			path = controllers;
			sourceTree = "<group>";
		};
		3234998126BD442B00AE4CA2 /* resources */ = {
			isa = PBXGroup;
			children = (
				3234995B26BD400300AE4CA2 /* Assets.xcassets */,
				3234995D26BD400300AE4CA2 /* LaunchScreen.storyboard */,
				3234996026BD400300AE4CA2 /* Info.plist */,
			);
			path = resources;
			sourceTree = "<group>";
		};
/* End PBXGroup section */

/* Begin PBXNativeTarget section */
		3234994E26BD400100AE4CA2 /* collection-view */ = {
			isa = PBXNativeTarget;
			buildConfigurationList = 3234996326BD400300AE4CA2 /* Build configuration list for PBXNativeTarget "collection-view" */;
			buildPhases = (
				3234994B26BD400100AE4CA2 /* Sources */,
				3234994C26BD400100AE4CA2 /* Frameworks */,
				3234994D26BD400100AE4CA2 /* Resources */,
			);
			buildRules = (
			);
			dependencies = (
			);
			name = "collection-view";
			productName = "collection-view";
			productReference = 3234994F26BD400100AE4CA2 /* collection-view.app */;
			productType = "com.apple.product-type.application";
		};
/* End PBXNativeTarget section */

/* Begin PBXProject section */
		3234994726BD400100AE4CA2 /* Project object */ = {
			isa = PBXProject;
			attributes = {
				LastSwiftUpdateCheck = 1250;
				LastUpgradeCheck = 1250;
				TargetAttributes = {
					3234994E26BD400100AE4CA2 = {
						CreatedOnToolsVersion = 12.5;
					};
				};
			};
			buildConfigurationList = 3234994A26BD400100AE4CA2 /* Build configuration list for PBXProject "collection-view" */;
			compatibilityVersion = "Xcode 9.3";
			developmentRegion = en;
			hasScannedForEncodings = 0;
			knownRegions = (
				en,
				Base,
			);
			mainGroup = 3234994626BD400100AE4CA2;
			productRefGroup = 3234995026BD400100AE4CA2 /* Products */;
			projectDirPath = "";
			projectRoot = "";
			targets = (
				3234994E26BD400100AE4CA2 /* collection-view */,
			);
		};
/* End PBXProject section */

/* Begin PBXResourcesBuildPhase section */
		3234994D26BD400100AE4CA2 /* Resources */ = {
			isa = PBXResourcesBuildPhase;
			buildActionMask = 2147483647;
			files = (
				3234995F26BD400300AE4CA2 /* LaunchScreen.storyboard in Resources */,
				3234995C26BD400300AE4CA2 /* Assets.xcassets in Resources */,
			);
			runOnlyForDeploymentPostprocessing = 0;
		};
/* End PBXResourcesBuildPhase section */

/* Begin PBXSourcesBuildPhase section */
		3234994B26BD400100AE4CA2 /* Sources */ = {
			isa = PBXSourcesBuildPhase;
			buildActionMask = 2147483647;
			files = (
				3234997A26BD42FD00AE4CA2 /* CollectionViewController.swift in Sources */,
				3234997926BD42FD00AE4CA2 /* ProductSection.swift in Sources */,
				3234997D26BD42FD00AE4CA2 /* Product.swift in Sources */,
				3234997C26BD42FD00AE4CA2 /* CollectionViewCell.swift in Sources */,
				3234995326BD400100AE4CA2 /* AppDelegate.swift in Sources */,
				3234995526BD400100AE4CA2 /* SceneDelegate.swift in Sources */,
				3234997B26BD42FD00AE4CA2 /* ProductSectionList.swift in Sources */,
				3234997826BD42FD00AE4CA2 /* CollectionViewSectionHeader.swift in Sources */,
			);
			runOnlyForDeploymentPostprocessing = 0;
		};
/* End PBXSourcesBuildPhase section */

/* Begin PBXVariantGroup section */
		3234995D26BD400300AE4CA2 /* LaunchScreen.storyboard */ = {
			isa = PBXVariantGroup;
			children = (
				3234995E26BD400300AE4CA2 /* Base */,
			);
			name = LaunchScreen.storyboard;
			sourceTree = "<group>";
		};
/* End PBXVariantGroup section */

/* Begin XCBuildConfiguration section */
		3234996126BD400300AE4CA2 /* Debug */ = {
			isa = XCBuildConfiguration;
			buildSettings = {
				ALWAYS_SEARCH_USER_PATHS = NO;
				CLANG_ANALYZER_NONNULL = YES;
				CLANG_ANALYZER_NUMBER_OBJECT_CONVERSION = YES_AGGRESSIVE;
				CLANG_CXX_LANGUAGE_STANDARD = "gnu++14";
				CLANG_CXX_LIBRARY = "libc++";
				CLANG_ENABLE_MODULES = YES;
				CLANG_ENABLE_OBJC_ARC = YES;
				CLANG_ENABLE_OBJC_WEAK = YES;
				CLANG_WARN_BLOCK_CAPTURE_AUTORELEASING = YES;
				CLANG_WARN_BOOL_CONVERSION = YES;
				CLANG_WARN_COMMA = YES;
				CLANG_WARN_CONSTANT_CONVERSION = YES;
				CLANG_WARN_DEPRECATED_OBJC_IMPLEMENTATIONS = YES;
				CLANG_WARN_DIRECT_OBJC_ISA_USAGE = YES_ERROR;
				CLANG_WARN_DOCUMENTATION_COMMENTS = YES;
				CLANG_WARN_EMPTY_BODY = YES;
				CLANG_WARN_ENUM_CONVERSION = YES;
				CLANG_WARN_INFINITE_RECURSION = YES;
				CLANG_WARN_INT_CONVERSION = YES;
				CLANG_WARN_NON_LITERAL_NULL_CONVERSION = YES;
				CLANG_WARN_OBJC_IMPLICIT_RETAIN_SELF = YES;
				CLANG_WARN_OBJC_LITERAL_CONVERSION = YES;
				CLANG_WARN_OBJC_ROOT_CLASS = YES_ERROR;
				CLANG_WARN_QUOTED_INCLUDE_IN_FRAMEWORK_HEADER = YES;
				CLANG_WARN_RANGE_LOOP_ANALYSIS = YES;
				CLANG_WARN_STRICT_PROTOTYPES = YES;
				CLANG_WARN_SUSPICIOUS_MOVE = YES;
				CLANG_WARN_UNGUARDED_AVAILABILITY = YES_AGGRESSIVE;
				CLANG_WARN_UNREACHABLE_CODE = YES;
				CLANG_WARN__DUPLICATE_METHOD_MATCH = YES;
				COPY_PHASE_STRIP = NO;
				DEBUG_INFORMATION_FORMAT = dwarf;
				ENABLE_STRICT_OBJC_MSGSEND = YES;
				ENABLE_TESTABILITY = YES;
				GCC_C_LANGUAGE_STANDARD = gnu11;
				GCC_DYNAMIC_NO_PIC = NO;
				GCC_NO_COMMON_BLOCKS = YES;
				GCC_OPTIMIZATION_LEVEL = 0;
				GCC_PREPROCESSOR_DEFINITIONS = (
					"DEBUG=1",
					"$(inherited)",
				);
				GCC_WARN_64_TO_32_BIT_CONVERSION = YES;
				GCC_WARN_ABOUT_RETURN_TYPE = YES_ERROR;
				GCC_WARN_UNDECLARED_SELECTOR = YES;
				GCC_WARN_UNINITIALIZED_AUTOS = YES_AGGRESSIVE;
				GCC_WARN_UNUSED_FUNCTION = YES;
				GCC_WARN_UNUSED_VARIABLE = YES;
				IPHONEOS_DEPLOYMENT_TARGET = 14.5;
				MTL_ENABLE_DEBUG_INFO = INCLUDE_SOURCE;
				MTL_FAST_MATH = YES;
				ONLY_ACTIVE_ARCH = YES;
				SDKROOT = iphoneos;
				SWIFT_ACTIVE_COMPILATION_CONDITIONS = DEBUG;
				SWIFT_OPTIMIZATION_LEVEL = "-Onone";
			};
			name = Debug;
		};
		3234996226BD400300AE4CA2 /* Release */ = {
			isa = XCBuildConfiguration;
			buildSettings = {
				ALWAYS_SEARCH_USER_PATHS = NO;
				CLANG_ANALYZER_NONNULL = YES;
				CLANG_ANALYZER_NUMBER_OBJECT_CONVERSION = YES_AGGRESSIVE;
				CLANG_CXX_LANGUAGE_STANDARD = "gnu++14";
				CLANG_CXX_LIBRARY = "libc++";
				CLANG_ENABLE_MODULES = YES;
				CLANG_ENABLE_OBJC_ARC = YES;
				CLANG_ENABLE_OBJC_WEAK = YES;
				CLANG_WARN_BLOCK_CAPTURE_AUTORELEASING = YES;
				CLANG_WARN_BOOL_CONVERSION = YES;
				CLANG_WARN_COMMA = YES;
				CLANG_WARN_CONSTANT_CONVERSION = YES;
				CLANG_WARN_DEPRECATED_OBJC_IMPLEMENTATIONS = YES;
				CLANG_WARN_DIRECT_OBJC_ISA_USAGE = YES_ERROR;
				CLANG_WARN_DOCUMENTATION_COMMENTS = YES;
				CLANG_WARN_EMPTY_BODY = YES;
				CLANG_WARN_ENUM_CONVERSION = YES;
				CLANG_WARN_INFINITE_RECURSION = YES;
				CLANG_WARN_INT_CONVERSION = YES;
				CLANG_WARN_NON_LITERAL_NULL_CONVERSION = YES;
				CLANG_WARN_OBJC_IMPLICIT_RETAIN_SELF = YES;
				CLANG_WARN_OBJC_LITERAL_CONVERSION = YES;
				CLANG_WARN_OBJC_ROOT_CLASS = YES_ERROR;
				CLANG_WARN_QUOTED_INCLUDE_IN_FRAMEWORK_HEADER = YES;
				CLANG_WARN_RANGE_LOOP_ANALYSIS = YES;
				CLANG_WARN_STRICT_PROTOTYPES = YES;
				CLANG_WARN_SUSPICIOUS_MOVE = YES;
				CLANG_WARN_UNGUARDED_AVAILABILITY = YES_AGGRESSIVE;
				CLANG_WARN_UNREACHABLE_CODE = YES;
				CLANG_WARN__DUPLICATE_METHOD_MATCH = YES;
				COPY_PHASE_STRIP = NO;
				DEBUG_INFORMATION_FORMAT = "dwarf-with-dsym";
				ENABLE_NS_ASSERTIONS = NO;
				ENABLE_STRICT_OBJC_MSGSEND = YES;
				GCC_C_LANGUAGE_STANDARD = gnu11;
				GCC_NO_COMMON_BLOCKS = YES;
				GCC_WARN_64_TO_32_BIT_CONVERSION = YES;
				GCC_WARN_ABOUT_RETURN_TYPE = YES_ERROR;
				GCC_WARN_UNDECLARED_SELECTOR = YES;
				GCC_WARN_UNINITIALIZED_AUTOS = YES_AGGRESSIVE;
				GCC_WARN_UNUSED_FUNCTION = YES;
				GCC_WARN_UNUSED_VARIABLE = YES;
				IPHONEOS_DEPLOYMENT_TARGET = 14.5;
				MTL_ENABLE_DEBUG_INFO = NO;
				MTL_FAST_MATH = YES;
				SDKROOT = iphoneos;
				SWIFT_COMPILATION_MODE = wholemodule;
				SWIFT_OPTIMIZATION_LEVEL = "-O";
				VALIDATE_PRODUCT = YES;
			};
			name = Release;
		};
		3234996426BD400300AE4CA2 /* Debug */ = {
			isa = XCBuildConfiguration;
			buildSettings = {
				ASSETCATALOG_COMPILER_APPICON_NAME = AppIcon;
				ASSETCATALOG_COMPILER_GLOBAL_ACCENT_COLOR_NAME = AccentColor;
				CODE_SIGN_STYLE = Automatic;
				DEVELOPMENT_TEAM = K98FJFNJ76;
				INFOPLIST_FILE = "collection-view/resources/Info.plist";
				IPHONEOS_DEPLOYMENT_TARGET = 13.0;
				LD_RUNPATH_SEARCH_PATHS = (
					"$(inherited)",
					"@executable_path/Frameworks",
				);
				PRODUCT_BUNDLE_IDENTIFIER = "com.mboychenko.collection-view";
				PRODUCT_NAME = "$(TARGET_NAME)";
				SWIFT_VERSION = 5.0;
				TARGETED_DEVICE_FAMILY = "1,2";
			};
			name = Debug;
		};
		3234996526BD400300AE4CA2 /* Release */ = {
			isa = XCBuildConfiguration;
			buildSettings = {
				ASSETCATALOG_COMPILER_APPICON_NAME = AppIcon;
				ASSETCATALOG_COMPILER_GLOBAL_ACCENT_COLOR_NAME = AccentColor;
				CODE_SIGN_STYLE = Automatic;
				DEVELOPMENT_TEAM = K98FJFNJ76;
				INFOPLIST_FILE = "collection-view/resources/Info.plist";
				IPHONEOS_DEPLOYMENT_TARGET = 13.0;
				LD_RUNPATH_SEARCH_PATHS = (
					"$(inherited)",
					"@executable_path/Frameworks",
				);
				PRODUCT_BUNDLE_IDENTIFIER = "com.mboychenko.collection-view";
				PRODUCT_NAME = "$(TARGET_NAME)";
				SWIFT_VERSION = 5.0;
				TARGETED_DEVICE_FAMILY = "1,2";
			};
			name = Release;
		};
/* End XCBuildConfiguration section */

/* Begin XCConfigurationList section */
		3234994A26BD400100AE4CA2 /* Build configuration list for PBXProject "collection-view" */ = {
			isa = XCConfigurationList;
			buildConfigurations = (
				3234996126BD400300AE4CA2 /* Debug */,
				3234996226BD400300AE4CA2 /* Release */,
			);
			defaultConfigurationIsVisible = 0;
			defaultConfigurationName = Release;
		};
		3234996326BD400300AE4CA2 /* Build configuration list for PBXNativeTarget "collection-view" */ = {
			isa = XCConfigurationList;
			buildConfigurations = (
				3234996426BD400300AE4CA2 /* Debug */,
				3234996526BD400300AE4CA2 /* Release */,
			);
			defaultConfigurationIsVisible = 0;
			defaultConfigurationName = Release;
		};
/* End XCConfigurationList section */
	};
	rootObject = 3234994726BD400100AE4CA2 /* Project object */;
}
